schema-version = 1

[sdk]
name = "bottlerocket-sdk"
version = "0.47.0"
vendor = "bottlerocket"
source = "public.ecr.aws/bottlerocket/bottlerocket-sdk:v0.47.0"
digest = "aUZzd5zICo/T7WdKtkz67dQfAVzgmCwrn/CNWPvxzTU="

[[kit]]
name = "bottlerocket-core-kit"
version = "4.0.0"
vendor = "bottlerocket"
source = "public.ecr.aws/bottlerocket/bottlerocket-core-kit:v4.0.0"
digest = "h+u5naA6FklTcN9foL6amMKLtOqDcz7xGlGeYCzF6u8="
